
Microsoft Visual Studio Solution File, Format Version 12.00
# Visual Studio Version 16
VisualStudioVersion = 16.0.31402.337
MinimumVisualStudioVersion = 10.0.40219.1
Project("{FAE04EC0-301F-11D3-BF4B-00C04F79EFBC}") = "Lesson6_1", "Lesson6_1\Lesson6_1.csproj", "{2DC3F51E-3CDA-4AE6-8779-A16DC0177417}"
EndProject
Global
	GlobalSection(SolutionConfigurationPlatforms) = preSolution
		Debug|Any CPU = Debug|Any CPU
		Release|Any CPU = Release|Any CPU
	EndGlobalSection
	GlobalSection(ProjectConfigurationPlatforms) = postSolution
		{2DC3F51E-3CDA-4AE6-8779-A16DC0177417}.Debug|Any CPU.ActiveCfg = Debug|Any CPU
		{2DC3F51E-3CDA-4AE6-8779-A16DC0177417}.Debug|Any CPU.Build.0 = Debug|Any CPU
		{2DC3F51E-3CDA-4AE6-8779-A16DC0177417}.Release|Any CPU.ActiveCfg = Release|Any CPU
		{2DC3F51E-3CDA-4AE6-8779-A16DC0177417}.Release|Any CPU.Build.0 = Release|Any CPU
	EndGlobalSection
	GlobalSection(SolutionProperties) = preSolution
		HideSolutionNode = FALSE
	EndGlobalSection
	GlobalSection(ExtensibilityGlobals) = postSolution
		SolutionGuid = {362E4178-AEF9-4099-BAB7-897D65A9B4D0}
	EndGlobalSection
EndGlobal
